
Microsoft Visual Studio Solution File, Format Version 12.00
# Visual Studio Version 17
VisualStudioVersion = 17.7.34024.191
MinimumVisualStudioVersion = 10.0.40219.1
Project("{FAE04EC0-301F-11D3-BF4B-00C04F79EFBC}") = "zad4", "zad4.csproj", "{909ECCF9-5A2F-4DA2-851A-3A398D4B16FE}"
EndProject
Global
	GlobalSection(SolutionConfigurationPlatforms) = preSolution
		Debug|Any CPU = Debug|Any CPU
		Release|Any CPU = Release|Any CPU
	EndGlobalSection
	GlobalSection(ProjectConfigurationPlatforms) = postSolution
		{909ECCF9-5A2F-4DA2-851A-3A398D4B16FE}.Debug|Any CPU.ActiveCfg = Debug|Any CPU
		{909ECCF9-5A2F-4DA2-851A-3A398D4B16FE}.Debug|Any CPU.Build.0 = Debug|Any CPU
		{909ECCF9-5A2F-4DA2-851A-3A398D4B16FE}.Release|Any CPU.ActiveCfg = Release|Any CPU
		{909ECCF9-5A2F-4DA2-851A-3A398D4B16FE}.Release|Any CPU.Build.0 = Release|Any CPU
	EndGlobalSection
	GlobalSection(SolutionProperties) = preSolution
		HideSolutionNode = FALSE
	EndGlobalSection
	GlobalSection(ExtensibilityGlobals) = postSolution
		SolutionGuid = {C687481B-EFA3-44F4-9BBD-1AB96A1E635F}
	EndGlobalSection
EndGlobal
