
Microsoft Visual Studio Solution File, Format Version 12.00
# Visual Studio Version 17
VisualStudioVersion = 17.4.33205.214
MinimumVisualStudioVersion = 10.0.40219.1
Project("{FAE04EC0-301F-11D3-BF4B-00C04F79EFBC}") = "zad5", "zad5\zad5.csproj", "{2CB35F20-1D0C-429A-BB37-C97697250E6E}"
EndProject
Global
	GlobalSection(SolutionConfigurationPlatforms) = preSolution
		Debug|Any CPU = Debug|Any CPU
		Release|Any CPU = Release|Any CPU
	EndGlobalSection
	GlobalSection(ProjectConfigurationPlatforms) = postSolution
		{2CB35F20-1D0C-429A-BB37-C97697250E6E}.Debug|Any CPU.ActiveCfg = Debug|Any CPU
		{2CB35F20-1D0C-429A-BB37-C97697250E6E}.Debug|Any CPU.Build.0 = Debug|Any CPU
		{2CB35F20-1D0C-429A-BB37-C97697250E6E}.Release|Any CPU.ActiveCfg = Release|Any CPU
		{2CB35F20-1D0C-429A-BB37-C97697250E6E}.Release|Any CPU.Build.0 = Release|Any CPU
	EndGlobalSection
	GlobalSection(SolutionProperties) = preSolution
		HideSolutionNode = FALSE
	EndGlobalSection
	GlobalSection(ExtensibilityGlobals) = postSolution
		SolutionGuid = {1013EA74-6A39-4FB2-8B94-E7F7C925E1E6}
	EndGlobalSection
EndGlobal
